
Microsoft Visual Studio Solution File, Format Version 12.00
# Visual Studio Version 16
VisualStudioVersion = 16.0.28803.352
MinimumVisualStudioVersion = 10.0.40219.1
Project("{FAE04EC0-301F-11D3-BF4B-00C04F79EFBC}") = "ShoppingCart", "ShoppingCart\ShoppingCart.csproj", "{B5076658-9936-4EDA-A32C-49EF9234B2A1}"
EndProject
Project("{FAE04EC0-301F-11D3-BF4B-00C04F79EFBC}") = "ShoppingCart.Domain", "ShoppingCart.Domain\ShoppingCart.Domain.csproj", "{409B590F-C158-449F-840F-226CD95DD167}"
EndProject
Project("{FAE04EC0-301F-11D3-BF4B-00C04F79EFBC}") = "ShoppingCart.Test", "ShoppingCart.Test\ShoppingCart.Test.csproj", "{CAD21A28-92A3-486B-8E0B-E90DCC641D25}"
EndProject
Global
	GlobalSection(SolutionConfigurationPlatforms) = preSolution
		Debug|Any CPU = Debug|Any CPU
		Release|Any CPU = Release|Any CPU
	EndGlobalSection
	GlobalSection(ProjectConfigurationPlatforms) = postSolution
		{B5076658-9936-4EDA-A32C-49EF9234B2A1}.Debug|Any CPU.ActiveCfg = Debug|Any CPU
		{B5076658-9936-4EDA-A32C-49EF9234B2A1}.Debug|Any CPU.Build.0 = Debug|Any CPU
		{B5076658-9936-4EDA-A32C-49EF9234B2A1}.Release|Any CPU.ActiveCfg = Release|Any CPU
		{B5076658-9936-4EDA-A32C-49EF9234B2A1}.Release|Any CPU.Build.0 = Release|Any CPU
		{409B590F-C158-449F-840F-226CD95DD167}.Debug|Any CPU.ActiveCfg = Debug|Any CPU
		{409B590F-C158-449F-840F-226CD95DD167}.Debug|Any CPU.Build.0 = Debug|Any CPU
		{409B590F-C158-449F-840F-226CD95DD167}.Release|Any CPU.ActiveCfg = Release|Any CPU
		{409B590F-C158-449F-840F-226CD95DD167}.Release|Any CPU.Build.0 = Release|Any CPU
		{CAD21A28-92A3-486B-8E0B-E90DCC641D25}.Debug|Any CPU.ActiveCfg = Debug|Any CPU
		{CAD21A28-92A3-486B-8E0B-E90DCC641D25}.Debug|Any CPU.Build.0 = Debug|Any CPU
		{CAD21A28-92A3-486B-8E0B-E90DCC641D25}.Release|Any CPU.ActiveCfg = Release|Any CPU
		{CAD21A28-92A3-486B-8E0B-E90DCC641D25}.Release|Any CPU.Build.0 = Release|Any CPU
	EndGlobalSection
	GlobalSection(SolutionProperties) = preSolution
		HideSolutionNode = FALSE
	EndGlobalSection
	GlobalSection(ExtensibilityGlobals) = postSolution
		SolutionGuid = {CD067D6B-499E-4636-8754-B638CE3E5545}
	EndGlobalSection
EndGlobal
